
Microsoft Visual Studio Solution File, Format Version 12.00
Project("{2150E333-8FDC-42A3-9474-1A3956D46DE8}") = "src", "src", "{3A6273D4-990C-4E0E-8707-65B80E85C14B}"
EndProject
Project("{2150E333-8FDC-42A3-9474-1A3956D46DE8}") = "tests", "tests", "{391437C7-5C77-4BEE-8B6D-34FD818FCAC6}"
EndProject
Project("{FAE04EC0-301F-11D3-BF4B-00C04F79EFBC}") = "RpgAssistant.Domain", "src\RpgAssistant.Domain\RpgAssistant.Domain.csproj", "{A0293186-C3E4-4D89-B17A-6218A417B761}"
EndProject
Project("{FAE04EC0-301F-11D3-BF4B-00C04F79EFBC}") = "RpgAssistant.Infrastructure", "src\RpgAssistant.Infrastructure\RpgAssistant.Infrastructure.csproj", "{213DD3AD-65C6-45CA-A97E-A46A3186E556}"
EndProject
Project("{FAE04EC0-301F-11D3-BF4B-00C04F79EFBC}") = "RpgAssistant.Application", "src\RpgAssistant.Application\RpgAssistant.Application.csproj", "{4E440AED-AF66-4689-A2B2-002F78DCF96D}"
EndProject
Project("{FAE04EC0-301F-11D3-BF4B-00C04F79EFBC}") = "RpgAssistant.Api", "src\RpgAssistant.Api\RpgAssistant.Api.csproj", "{ABB8FE41-3F57-4A4F-A059-75E773C532DC}"
EndProject
Project("{FAE04EC0-301F-11D3-BF4B-00C04F79EFBC}") = "RpgAssistant.Api.Test", "test\RpgAssistant.Api.Test\RpgAssistant.Api.Test.csproj", "{91E6B32D-DA2B-4C6B-93F3-C9D39E0650AA}"
EndProject
Global
	GlobalSection(SolutionConfigurationPlatforms) = preSolution
		Debug|Any CPU = Debug|Any CPU
		Release|Any CPU = Release|Any CPU
	EndGlobalSection
	GlobalSection(ProjectConfigurationPlatforms) = postSolution
		{A0293186-C3E4-4D89-B17A-6218A417B761}.Debug|Any CPU.ActiveCfg = Debug|Any CPU
		{A0293186-C3E4-4D89-B17A-6218A417B761}.Debug|Any CPU.Build.0 = Debug|Any CPU
		{A0293186-C3E4-4D89-B17A-6218A417B761}.Release|Any CPU.ActiveCfg = Release|Any CPU
		{A0293186-C3E4-4D89-B17A-6218A417B761}.Release|Any CPU.Build.0 = Release|Any CPU
		{213DD3AD-65C6-45CA-A97E-A46A3186E556}.Debug|Any CPU.ActiveCfg = Debug|Any CPU
		{213DD3AD-65C6-45CA-A97E-A46A3186E556}.Debug|Any CPU.Build.0 = Debug|Any CPU
		{213DD3AD-65C6-45CA-A97E-A46A3186E556}.Release|Any CPU.ActiveCfg = Release|Any CPU
		{213DD3AD-65C6-45CA-A97E-A46A3186E556}.Release|Any CPU.Build.0 = Release|Any CPU
		{4E440AED-AF66-4689-A2B2-002F78DCF96D}.Debug|Any CPU.ActiveCfg = Debug|Any CPU
		{4E440AED-AF66-4689-A2B2-002F78DCF96D}.Debug|Any CPU.Build.0 = Debug|Any CPU
		{4E440AED-AF66-4689-A2B2-002F78DCF96D}.Release|Any CPU.ActiveCfg = Release|Any CPU
		{4E440AED-AF66-4689-A2B2-002F78DCF96D}.Release|Any CPU.Build.0 = Release|Any CPU
		{ABB8FE41-3F57-4A4F-A059-75E773C532DC}.Debug|Any CPU.ActiveCfg = Debug|Any CPU
		{ABB8FE41-3F57-4A4F-A059-75E773C532DC}.Debug|Any CPU.Build.0 = Debug|Any CPU
		{ABB8FE41-3F57-4A4F-A059-75E773C532DC}.Release|Any CPU.ActiveCfg = Release|Any CPU
		{ABB8FE41-3F57-4A4F-A059-75E773C532DC}.Release|Any CPU.Build.0 = Release|Any CPU
		{91E6B32D-DA2B-4C6B-93F3-C9D39E0650AA}.Debug|Any CPU.ActiveCfg = Debug|Any CPU
		{91E6B32D-DA2B-4C6B-93F3-C9D39E0650AA}.Debug|Any CPU.Build.0 = Debug|Any CPU
		{91E6B32D-DA2B-4C6B-93F3-C9D39E0650AA}.Release|Any CPU.ActiveCfg = Release|Any CPU
		{91E6B32D-DA2B-4C6B-93F3-C9D39E0650AA}.Release|Any CPU.Build.0 = Release|Any CPU
	EndGlobalSection
	GlobalSection(NestedProjects) = preSolution
		{A0293186-C3E4-4D89-B17A-6218A417B761} = {3A6273D4-990C-4E0E-8707-65B80E85C14B}
		{213DD3AD-65C6-45CA-A97E-A46A3186E556} = {3A6273D4-990C-4E0E-8707-65B80E85C14B}
		{4E440AED-AF66-4689-A2B2-002F78DCF96D} = {3A6273D4-990C-4E0E-8707-65B80E85C14B}
		{ABB8FE41-3F57-4A4F-A059-75E773C532DC} = {3A6273D4-990C-4E0E-8707-65B80E85C14B}
		{91E6B32D-DA2B-4C6B-93F3-C9D39E0650AA} = {391437C7-5C77-4BEE-8B6D-34FD818FCAC6}
	EndGlobalSection
EndGlobal
