
Microsoft Visual Studio Solution File, Format Version 12.00
Project("{2150E333-8FDC-42A3-9474-1A3956D46DE8}") = "src", "src", "{75ADC2F7-6A0D-4B96-B77B-2875A1EA9EF8}"
EndProject
Project("{2150E333-8FDC-42A3-9474-1A3956D46DE8}") = "test", "test", "{EA79DF0B-E4B5-472E-9EAD-911E18C4A52C}"
EndProject
Project("{FAE04EC0-301F-11D3-BF4B-00C04F79EFBC}") = "RpgAssistant.Api", "src\RpgAssistant.Api\RpgAssistant.Api.csproj", "{9852B561-76C0-4521-83DF-EB5725A5734F}"
EndProject
Project("{FAE04EC0-301F-11D3-BF4B-00C04F79EFBC}") = "RpgAssistant.Domain", "src\RpgAssistant.Domain\RpgAssistant.Domain.csproj", "{A0EE3D8C-3A2B-416E-AD52-372239104F73}"
EndProject
Project("{FAE04EC0-301F-11D3-BF4B-00C04F79EFBC}") = "RpgAssistant.Infrastructure", "src\RpgAssistant.Infrastructure\RpgAssistant.Infrastructure.csproj", "{4023E5D1-EDDC-4A0D-B6D4-0855D0866CEA}"
EndProject
Project("{FAE04EC0-301F-11D3-BF4B-00C04F79EFBC}") = "RpgAssistant.Api.Test", "test\RpgAssistant.Api.Test\RpgAssistant.Api.Test.csproj", "{64BE3512-204D-4DF8-B773-716BB4497214}"
EndProject
Project("{FAE04EC0-301F-11D3-BF4B-00C04F79EFBC}") = "RpgAssistant.Domain.Test", "test\RpgAssistant.Domain.Test\RpgAssistant.Domain.Test.csproj", "{746259F5-8CC6-4BDF-80CB-1122D4D8CEF9}"
EndProject
Project("{FAE04EC0-301F-11D3-BF4B-00C04F79EFBC}") = "RpgAssistant.Api.Integration.Test", "test\RpgAssistant.Api.Integration.Test\RpgAssistant.Api.Integration.Test.csproj", "{6595DB8B-6888-4703-9639-2B2932BE900C}"
EndProject
Project("{2150E333-8FDC-42A3-9474-1A3956D46DE8}") = "Utilities", "Utilities", "{FF4341F7-45B5-4D19-9558-CC5CB850CFA1}"
EndProject
Project("{FAE04EC0-301F-11D3-BF4B-00C04F79EFBC}") = "RpgAssistant.Application", "src\RpgAssistant.Application\RpgAssistant.Application.csproj", "{B23FB0CD-18FC-4540-90C0-4B9E7FD9F40A}"
EndProject
Project("{FAE04EC0-301F-11D3-BF4B-00C04F79EFBC}") = "RpgAssistant.Application.Test", "test\RpgAssistant.Application.Test\RpgAssistant.Application.Test.csproj", "{39CC4929-CEFB-4866-866D-1D7B1618BE84}"
EndProject
Global
	GlobalSection(SolutionConfigurationPlatforms) = preSolution
		Debug|Any CPU = Debug|Any CPU
		Release|Any CPU = Release|Any CPU
	EndGlobalSection
	GlobalSection(ProjectConfigurationPlatforms) = postSolution
		{9852B561-76C0-4521-83DF-EB5725A5734F}.Debug|Any CPU.ActiveCfg = Debug|Any CPU
		{9852B561-76C0-4521-83DF-EB5725A5734F}.Debug|Any CPU.Build.0 = Debug|Any CPU
		{9852B561-76C0-4521-83DF-EB5725A5734F}.Release|Any CPU.ActiveCfg = Release|Any CPU
		{9852B561-76C0-4521-83DF-EB5725A5734F}.Release|Any CPU.Build.0 = Release|Any CPU
		{A0EE3D8C-3A2B-416E-AD52-372239104F73}.Debug|Any CPU.ActiveCfg = Debug|Any CPU
		{A0EE3D8C-3A2B-416E-AD52-372239104F73}.Debug|Any CPU.Build.0 = Debug|Any CPU
		{A0EE3D8C-3A2B-416E-AD52-372239104F73}.Release|Any CPU.ActiveCfg = Release|Any CPU
		{A0EE3D8C-3A2B-416E-AD52-372239104F73}.Release|Any CPU.Build.0 = Release|Any CPU
		{4023E5D1-EDDC-4A0D-B6D4-0855D0866CEA}.Debug|Any CPU.ActiveCfg = Debug|Any CPU
		{4023E5D1-EDDC-4A0D-B6D4-0855D0866CEA}.Debug|Any CPU.Build.0 = Debug|Any CPU
		{4023E5D1-EDDC-4A0D-B6D4-0855D0866CEA}.Release|Any CPU.ActiveCfg = Release|Any CPU
		{4023E5D1-EDDC-4A0D-B6D4-0855D0866CEA}.Release|Any CPU.Build.0 = Release|Any CPU
		{64BE3512-204D-4DF8-B773-716BB4497214}.Debug|Any CPU.ActiveCfg = Debug|Any CPU
		{64BE3512-204D-4DF8-B773-716BB4497214}.Debug|Any CPU.Build.0 = Debug|Any CPU
		{64BE3512-204D-4DF8-B773-716BB4497214}.Release|Any CPU.ActiveCfg = Release|Any CPU
		{64BE3512-204D-4DF8-B773-716BB4497214}.Release|Any CPU.Build.0 = Release|Any CPU
		{746259F5-8CC6-4BDF-80CB-1122D4D8CEF9}.Debug|Any CPU.ActiveCfg = Debug|Any CPU
		{746259F5-8CC6-4BDF-80CB-1122D4D8CEF9}.Debug|Any CPU.Build.0 = Debug|Any CPU
		{746259F5-8CC6-4BDF-80CB-1122D4D8CEF9}.Release|Any CPU.ActiveCfg = Release|Any CPU
		{746259F5-8CC6-4BDF-80CB-1122D4D8CEF9}.Release|Any CPU.Build.0 = Release|Any CPU
		{6595DB8B-6888-4703-9639-2B2932BE900C}.Debug|Any CPU.ActiveCfg = Debug|Any CPU
		{6595DB8B-6888-4703-9639-2B2932BE900C}.Debug|Any CPU.Build.0 = Debug|Any CPU
		{6595DB8B-6888-4703-9639-2B2932BE900C}.Release|Any CPU.ActiveCfg = Release|Any CPU
		{6595DB8B-6888-4703-9639-2B2932BE900C}.Release|Any CPU.Build.0 = Release|Any CPU
		{B23FB0CD-18FC-4540-90C0-4B9E7FD9F40A}.Debug|Any CPU.ActiveCfg = Debug|Any CPU
		{B23FB0CD-18FC-4540-90C0-4B9E7FD9F40A}.Debug|Any CPU.Build.0 = Debug|Any CPU
		{B23FB0CD-18FC-4540-90C0-4B9E7FD9F40A}.Release|Any CPU.ActiveCfg = Release|Any CPU
		{B23FB0CD-18FC-4540-90C0-4B9E7FD9F40A}.Release|Any CPU.Build.0 = Release|Any CPU
		{39CC4929-CEFB-4866-866D-1D7B1618BE84}.Debug|Any CPU.ActiveCfg = Debug|Any CPU
		{39CC4929-CEFB-4866-866D-1D7B1618BE84}.Debug|Any CPU.Build.0 = Debug|Any CPU
		{39CC4929-CEFB-4866-866D-1D7B1618BE84}.Release|Any CPU.ActiveCfg = Release|Any CPU
		{39CC4929-CEFB-4866-866D-1D7B1618BE84}.Release|Any CPU.Build.0 = Release|Any CPU
	EndGlobalSection
	GlobalSection(NestedProjects) = preSolution
		{9852B561-76C0-4521-83DF-EB5725A5734F} = {75ADC2F7-6A0D-4B96-B77B-2875A1EA9EF8}
		{A0EE3D8C-3A2B-416E-AD52-372239104F73} = {75ADC2F7-6A0D-4B96-B77B-2875A1EA9EF8}
		{4023E5D1-EDDC-4A0D-B6D4-0855D0866CEA} = {75ADC2F7-6A0D-4B96-B77B-2875A1EA9EF8}
		{64BE3512-204D-4DF8-B773-716BB4497214} = {EA79DF0B-E4B5-472E-9EAD-911E18C4A52C}
		{746259F5-8CC6-4BDF-80CB-1122D4D8CEF9} = {EA79DF0B-E4B5-472E-9EAD-911E18C4A52C}
		{6595DB8B-6888-4703-9639-2B2932BE900C} = {EA79DF0B-E4B5-472E-9EAD-911E18C4A52C}
		{B23FB0CD-18FC-4540-90C0-4B9E7FD9F40A} = {75ADC2F7-6A0D-4B96-B77B-2875A1EA9EF8}
		{39CC4929-CEFB-4866-866D-1D7B1618BE84} = {EA79DF0B-E4B5-472E-9EAD-911E18C4A52C}
	EndGlobalSection
EndGlobal
